<?xml version="1.0" encoding="utf-8"?>
<Project ToolsVersion="4.0" xmlns="http://schemas.microsoft.com/developer/msbuild/2003">
  <ItemGroup>
    <Filter Include="Source Files">
      <UniqueIdentifier>{4FC737F1-C7A5-4376-A066-2A32D752A2FF}</UniqueIdentifier>
      <Extensions>cpp;c;cc;cxx;def;odl;idl;hpj;bat;asm;asmx</Extensions>
    </Filter>
    <Filter Include="Header Files">
      <UniqueIdentifier>{93995380-89BD-4b04-88EB-625FBE52EBFB}</UniqueIdentifier>
      <Extensions>h;hh;hpp;hxx;hm;inl;inc;xsd</Extensions>
    </Filter>
    <Filter Include="Resource Files">
      <UniqueIdentifier>{67DA6AB6-F800-4c08-8B7A-83BB121AAD01}</UniqueIdentifier>
      <Extensions>rc;ico;cur;bmp;dlg;rc2;rct;bin;rgs;gif;jpg;jpeg;jpe;resx;tiff;tif;png;wav;mfcribbon-ms</Extensions>
    </Filter>
    <Filter Include="ProvingItWorks">
      <UniqueIdentifier>{0b6f48fe-8b8b-47d3-9c40-2542fa7ec4fc}</UniqueIdentifier>
    </Filter>
    <Filter Include="02_investigatingSFML">
      <UniqueIdentifier>{ba7056e4-8451-447b-8808-194066ef0f92}</UniqueIdentifier>
    </Filter>
    <Filter Include="03_shaping">
      <UniqueIdentifier>{1471fbb6-7042-4152-a206-a15228df2a1b}</UniqueIdentifier>
    </Filter>
    <Filter Include="03_shaping\states">
      <UniqueIdentifier>{517f816a-5f21-4ba4-8d12-0944cecfde0b}</UniqueIdentifier>
    </Filter>
    <Filter Include="Resource Files\levels">
      <UniqueIdentifier>{16fb56ef-bed5-4106-ab82-b216ff7f9b5d}</UniqueIdentifier>
    </Filter>
    <Filter Include="maze">
      <UniqueIdentifier>{690cb6b1-f339-4dde-971c-cd7105881430}</UniqueIdentifier>
    </Filter>
    <Filter Include="entities">
      <UniqueIdentifier>{e8a75ff4-559e-4510-8642-61f060b0a40f}</UniqueIdentifier>
    </Filter>
  </ItemGroup>
  <ItemGroup>
    <ClCompile Include="systemModule.cpp">
      <Filter>02_investigatingSFML</Filter>
    </ClCompile>
    <ClCompile Include="windowModule.cpp">
      <Filter>02_investigatingSFML</Filter>
    </ClCompile>
    <ClCompile Include="graphicsModule.cpp">
      <Filter>02_investigatingSFML</Filter>
    </ClCompile>
    <ClCompile Include="Game.cpp">
      <Filter>03_shaping</Filter>
    </ClCompile>
    <ClCompile Include="main.cpp">
      <Filter>03_shaping</Filter>
    </ClCompile>
    <ClCompile Include="GameState.cpp">
      <Filter>03_shaping</Filter>
    </ClCompile>
    <ClCompile Include="src\sfml_main.cpp">
      <Filter>ProvingItWorks</Filter>
    </ClCompile>
    <ClCompile Include="NoCoinState.cpp">
      <Filter>03_shaping\states</Filter>
    </ClCompile>
    <ClCompile Include="GetReadyState.cpp">
      <Filter>03_shaping\states</Filter>
    </ClCompile>
    <ClCompile Include="LostState.cpp">
      <Filter>03_shaping\states</Filter>
    </ClCompile>
    <ClCompile Include="WonState.cpp">
      <Filter>03_shaping\states</Filter>
    </ClCompile>
    <ClCompile Include="PlayingState.cpp">
      <Filter>03_shaping\states</Filter>
    </ClCompile>
    <ClCompile Include="Maze.cpp">
      <Filter>maze</Filter>
    </ClCompile>
    <ClCompile Include="Dot.cpp">
      <Filter>entities</Filter>
    </ClCompile>
  </ItemGroup>
  <ItemGroup>
    <Image Include="resources\cute_image.jpg">
      <Filter>Resource Files</Filter>
    </Image>
    <Image Include="resources\logo.png">
      <Filter>Resource Files</Filter>
    </Image>
    <Image Include="resources\Pac Woman.png">
      <Filter>Resource Files</Filter>
    </Image>
    <Image Include="resources\texture.png">
      <Filter>Resource Files</Filter>
    </Image>
    <Image Include="resources\levels\large.png">
      <Filter>Resource Files\levels</Filter>
    </Image>
    <Image Include="resources\levels\large-level.png">
      <Filter>Resource Files\levels</Filter>
    </Image>
    <Image Include="resources\levels\level.png">
      <Filter>Resource Files\levels</Filter>
    </Image>
    <Image Include="resources\levels\medium.png">
      <Filter>Resource Files\levels</Filter>
    </Image>
    <Image Include="resources\levels\small.png">
      <Filter>Resource Files\levels</Filter>
    </Image>
  </ItemGroup>
  <ItemGroup>
    <None Include="resources\nice_music.ogg">
      <Filter>Resource Files</Filter>
    </None>
  </ItemGroup>
  <ItemGroup>
    <Font Include="resources\sansation.ttf">
      <Filter>Resource Files</Filter>
    </Font>
    <Font Include="resources\font.ttf">
      <Filter>Resource Files</Filter>
    </Font>
  </ItemGroup>
  <ItemGroup>
    <ClInclude Include="resource.h">
      <Filter>Header Files</Filter>
    </ClInclude>
    <ClInclude Include="Game.h">
      <Filter>03_shaping</Filter>
    </ClInclude>
    <ClInclude Include="GameState.h">
      <Filter>03_shaping</Filter>
    </ClInclude>
    <ClInclude Include="GraphicsUtils.h">
      <Filter>03_shaping</Filter>
    </ClInclude>
    <ClInclude Include="NoCoinState.h">
      <Filter>03_shaping\states</Filter>
    </ClInclude>
    <ClInclude Include="GameStates.h">
      <Filter>03_shaping\states</Filter>
    </ClInclude>
    <ClInclude Include="GetReadyState.h">
      <Filter>03_shaping\states</Filter>
    </ClInclude>
    <ClInclude Include="LostState.h">
      <Filter>03_shaping\states</Filter>
    </ClInclude>
    <ClInclude Include="WonState.h">
      <Filter>03_shaping\states</Filter>
    </ClInclude>
    <ClInclude Include="PlayingState.h">
      <Filter>03_shaping\states</Filter>
    </ClInclude>
    <ClInclude Include="Maze.h">
      <Filter>maze</Filter>
    </ClInclude>
    <ClInclude Include="Dot.h">
      <Filter>entities</Filter>
    </ClInclude>
  </ItemGroup>
</Project>